
Microsoft Visual Studio Solution File, Format Version 12.00
# Visual Studio Version 16
VisualStudioVersion = 16.0.31702.278
MinimumVisualStudioVersion = 10.0.40219.1
Project("{FAE04EC0-301F-11D3-BF4B-00C04F79EFBC}") = "FunctionsReturnAndArraysFromFile", "FunctionsReturnAndArraysFromFile\FunctionsReturnAndArraysFromFile.csproj", "{C008C1FF-F62B-4E24-BD48-5F1C75A53549}"
EndProject
Project("{FAE04EC0-301F-11D3-BF4B-00C04F79EFBC}") = "FridayNightRandom", "FridayNightRandom\FridayNightRandom.csproj", "{A7434A0A-71E3-444B-A424-6CD9E81F69BB}"
EndProject
Project("{FAE04EC0-301F-11D3-BF4B-00C04F79EFBC}") = "FridayNightRandomReturn", "FridayNightRandomReturn\FridayNightRandomReturn.csproj", "{1068A0BC-679B-40F9-B639-C12FF134043D}"
EndProject
Project("{FAE04EC0-301F-11D3-BF4B-00C04F79EFBC}") = "PickRandomFromFile", "PickRandomFromFile\PickRandomFromFile.csproj", "{D77D7629-39EA-4783-8CF7-632EA44A57DD}"
EndProject
Project("{FAE04EC0-301F-11D3-BF4B-00C04F79EFBC}") = "ChuckNorris", "ChuckNorris\ChuckNorris.csproj", "{DF68FE5B-8C0F-4872-9137-74C6330671A7}"
EndProject
Global
	GlobalSection(SolutionConfigurationPlatforms) = preSolution
		Debug|Any CPU = Debug|Any CPU
		Release|Any CPU = Release|Any CPU
	EndGlobalSection
	GlobalSection(ProjectConfigurationPlatforms) = postSolution
		{C008C1FF-F62B-4E24-BD48-5F1C75A53549}.Debug|Any CPU.ActiveCfg = Debug|Any CPU
		{C008C1FF-F62B-4E24-BD48-5F1C75A53549}.Debug|Any CPU.Build.0 = Debug|Any CPU
		{C008C1FF-F62B-4E24-BD48-5F1C75A53549}.Release|Any CPU.ActiveCfg = Release|Any CPU
		{C008C1FF-F62B-4E24-BD48-5F1C75A53549}.Release|Any CPU.Build.0 = Release|Any CPU
		{A7434A0A-71E3-444B-A424-6CD9E81F69BB}.Debug|Any CPU.ActiveCfg = Debug|Any CPU
		{A7434A0A-71E3-444B-A424-6CD9E81F69BB}.Debug|Any CPU.Build.0 = Debug|Any CPU
		{A7434A0A-71E3-444B-A424-6CD9E81F69BB}.Release|Any CPU.ActiveCfg = Release|Any CPU
		{A7434A0A-71E3-444B-A424-6CD9E81F69BB}.Release|Any CPU.Build.0 = Release|Any CPU
		{1068A0BC-679B-40F9-B639-C12FF134043D}.Debug|Any CPU.ActiveCfg = Debug|Any CPU
		{1068A0BC-679B-40F9-B639-C12FF134043D}.Debug|Any CPU.Build.0 = Debug|Any CPU
		{1068A0BC-679B-40F9-B639-C12FF134043D}.Release|Any CPU.ActiveCfg = Release|Any CPU
		{1068A0BC-679B-40F9-B639-C12FF134043D}.Release|Any CPU.Build.0 = Release|Any CPU
		{D77D7629-39EA-4783-8CF7-632EA44A57DD}.Debug|Any CPU.ActiveCfg = Debug|Any CPU
		{D77D7629-39EA-4783-8CF7-632EA44A57DD}.Debug|Any CPU.Build.0 = Debug|Any CPU
		{D77D7629-39EA-4783-8CF7-632EA44A57DD}.Release|Any CPU.ActiveCfg = Release|Any CPU
		{D77D7629-39EA-4783-8CF7-632EA44A57DD}.Release|Any CPU.Build.0 = Release|Any CPU
		{DF68FE5B-8C0F-4872-9137-74C6330671A7}.Debug|Any CPU.ActiveCfg = Debug|Any CPU
		{DF68FE5B-8C0F-4872-9137-74C6330671A7}.Debug|Any CPU.Build.0 = Debug|Any CPU
		{DF68FE5B-8C0F-4872-9137-74C6330671A7}.Release|Any CPU.ActiveCfg = Release|Any CPU
		{DF68FE5B-8C0F-4872-9137-74C6330671A7}.Release|Any CPU.Build.0 = Release|Any CPU
	EndGlobalSection
	GlobalSection(SolutionProperties) = preSolution
		HideSolutionNode = FALSE
	EndGlobalSection
	GlobalSection(ExtensibilityGlobals) = postSolution
		SolutionGuid = {4D5EAD33-074B-4228-A95E-FFF4BF8FD5B4}
	EndGlobalSection
EndGlobal
